# THIS IS AN AUTOGENERATED FILE. DO NOT EDIT THIS FILE DIRECTLY.
# yarn lockfile v1


klona@^2.0.4:
  version "2.0.4"
  resolved "https://registry.npm.taobao.org/klona/download/klona-2.0.4.tgz#7bb1e3affb0cb8624547ef7e8f6708ea2e39dfc0"
  integrity sha1-e7Hjr/sMuGJFR+9+j2cI6i4538A=

neo-async@^2.6.2:
  version "2.6.2"
  resolved "https://registry.npm.taobao.org/neo-async/download/neo-async-2.6.2.tgz#b4aafb93e3aeb2d8174ca53cf163ab7d7308305f"
  integrity sha1-tKr7k+OustgXTKU88WOrfXMIMF8=

sass-loader@^11.0.1:
  version "11.0.1"
  resolved "https://registry.npm.taobao.org/sass-loader/download/sass-loader-11.0.1.tgz#8672f896593466573b904f47693e0695368e38c9"
  integrity sha1-hnL4llk0Zlc7kE9HaT4GlTaOOMk=
  dependencies:
    klona "^2.0.4"
    neo-async "^2.6.2"
